{
  "name": "polyfill.vscode",
  "version": "1.0.0",
  "lockfileVersion": 3,
  "requires": true,
  "packages": {
    "": {
      "name": "polyfill.vscode",
      "version": "1.0.0",
      "license": "ISC",
      "workspaces": [
        "polyfill-extension-pack"
      ]
    },
    "node_modules/polyfill-extension-pack": {
      "resolved": "polyfill-extension-pack",
      "link": true
    },
    "polyfill-extension-pack": {
      "version": "1.2.3",
      "license": "MIT",
      "engines": {
        "vscode": "^1.80.0"
      }
    }
  }
}
